
Microsoft Visual Studio Solution File, Format Version 12.00
# Visual Studio 15
VisualStudioVersion = 15.0.27130.2027
MinimumVisualStudioVersion = 10.0.40219.1
Project("{F184B08F-C81C-45F6-A57F-5ABD9991F28F}") = "Prex_RI", "Main\Prex_RI.vbproj", "{75113748-2734-4C89-9736-51C22FDD85F7}"
EndProject
Project("{FAE04EC0-301F-11D3-BF4B-00C04F79EFBC}") = "Prex.Utils", "..\Prex.Utils\Prex.Utils\Prex.Utils.csproj", "{2EEEDB12-2EE1-4D8C-A5C5-1E99954AA4AE}"
EndProject
Project("{F184B08F-C81C-45F6-A57F-5ABD9991F28F}") = "VBP04295", "..\VBP04295\VBP04295\VBP04295.vbproj", "{9CBCEB2C-23CF-477A-ACA0-F651FB6C4C47}"
EndProject
Project("{F184B08F-C81C-45F6-A57F-5ABD9991F28F}") = "VBP04395", "..\VBP04395\VBP04395\VBP04395.vbproj", "{0C1DF3E1-F8D7-4E62-A84F-50685C4A1F9C}"
EndProject
Project("{F184B08F-C81C-45F6-A57F-5ABD9991F28F}") = "VBP04720", "..\VBP04720\VBP04720\VBP04720.vbproj", "{7AA26BB6-E9CF-453D-B123-C34853CA8BCE}"
EndProject
Project("{F184B08F-C81C-45F6-A57F-5ABD9991F28F}") = "VBP04721", "..\VBP04721\VBP04721\VBP04721.vbproj", "{1E1886DA-D7EB-4189-97FF-278C47130EDD}"
EndProject
Project("{F184B08F-C81C-45F6-A57F-5ABD9991F28F}") = "VBP04723", "..\VBP04723\VBP04723\VBP04723.vbproj", "{2A4A0148-7042-4AEC-9E29-115E16691852}"
EndProject
Project("{F184B08F-C81C-45F6-A57F-5ABD9991F28F}") = "VBP04730", "..\VBP04730\VBP04730\VBP04730.vbproj", "{6646E7D9-6C55-4E65-B50B-9D34A76D180F}"
EndProject
Project("{F184B08F-C81C-45F6-A57F-5ABD9991F28F}") = "VBP09001", "..\VBP09001\VBP09001\VBP09001.vbproj", "{8026854F-64C6-4AC2-8FE5-011FAB91BC34}"
EndProject
Project("{F184B08F-C81C-45F6-A57F-5ABD9991F28F}") = "VBP04801", "..\VBP04801\VBP04801\VBP04801.vbproj", "{1A8F849B-4502-4036-9D6A-0886E3A2FBCC}"
EndProject
Project("{F184B08F-C81C-45F6-A57F-5ABD9991F28F}") = "VBP04711", "..\VBP04711\VBP04711\VBP04711.vbproj", "{E2897B2C-EBA7-48CC-8D58-4737ADE25B11}"
EndProject
Project("{F184B08F-C81C-45F6-A57F-5ABD9991F28F}") = "PrexConfig", "..\PrexConfig\PrexConfig\PrexConfig\PrexConfig.vbproj", "{2CC62D18-9EE7-4661-B9E3-6D623B728304}"
EndProject
Project("{F184B08F-C81C-45F6-A57F-5ABD9991F28F}") = "VBP06499", "..\VBP06499\VBP06499.vbproj", "{83DB3A01-B575-472E-AB79-F3C4BCD1DC8A}"
EndProject
Global
	GlobalSection(SolutionConfigurationPlatforms) = preSolution
		Debug|Any CPU = Debug|Any CPU
		Debug|x86 = Debug|x86
		Release|Any CPU = Release|Any CPU
		Release|x86 = Release|x86
	EndGlobalSection
	GlobalSection(ProjectConfigurationPlatforms) = postSolution
		{75113748-2734-4C89-9736-51C22FDD85F7}.Debug|Any CPU.ActiveCfg = Debug|Any CPU
		{75113748-2734-4C89-9736-51C22FDD85F7}.Debug|Any CPU.Build.0 = Debug|Any CPU
		{75113748-2734-4C89-9736-51C22FDD85F7}.Debug|x86.ActiveCfg = Debug|x86
		{75113748-2734-4C89-9736-51C22FDD85F7}.Debug|x86.Build.0 = Debug|x86
		{75113748-2734-4C89-9736-51C22FDD85F7}.Release|Any CPU.ActiveCfg = Release|Any CPU
		{75113748-2734-4C89-9736-51C22FDD85F7}.Release|Any CPU.Build.0 = Release|Any CPU
		{75113748-2734-4C89-9736-51C22FDD85F7}.Release|x86.ActiveCfg = Release|x86
		{75113748-2734-4C89-9736-51C22FDD85F7}.Release|x86.Build.0 = Release|x86
		{2EEEDB12-2EE1-4D8C-A5C5-1E99954AA4AE}.Debug|Any CPU.ActiveCfg = Debug|Any CPU
		{2EEEDB12-2EE1-4D8C-A5C5-1E99954AA4AE}.Debug|Any CPU.Build.0 = Debug|Any CPU
		{2EEEDB12-2EE1-4D8C-A5C5-1E99954AA4AE}.Debug|x86.ActiveCfg = Debug|x86
		{2EEEDB12-2EE1-4D8C-A5C5-1E99954AA4AE}.Debug|x86.Build.0 = Debug|x86
		{2EEEDB12-2EE1-4D8C-A5C5-1E99954AA4AE}.Release|Any CPU.ActiveCfg = Release|Any CPU
		{2EEEDB12-2EE1-4D8C-A5C5-1E99954AA4AE}.Release|Any CPU.Build.0 = Release|Any CPU
		{2EEEDB12-2EE1-4D8C-A5C5-1E99954AA4AE}.Release|x86.ActiveCfg = Release|x86
		{2EEEDB12-2EE1-4D8C-A5C5-1E99954AA4AE}.Release|x86.Build.0 = Release|x86
		{9CBCEB2C-23CF-477A-ACA0-F651FB6C4C47}.Debug|Any CPU.ActiveCfg = Debug|Any CPU
		{9CBCEB2C-23CF-477A-ACA0-F651FB6C4C47}.Debug|Any CPU.Build.0 = Debug|Any CPU
		{9CBCEB2C-23CF-477A-ACA0-F651FB6C4C47}.Debug|x86.ActiveCfg = Debug|x86
		{9CBCEB2C-23CF-477A-ACA0-F651FB6C4C47}.Debug|x86.Build.0 = Debug|x86
		{9CBCEB2C-23CF-477A-ACA0-F651FB6C4C47}.Release|Any CPU.ActiveCfg = Release|Any CPU
		{9CBCEB2C-23CF-477A-ACA0-F651FB6C4C47}.Release|Any CPU.Build.0 = Release|Any CPU
		{9CBCEB2C-23CF-477A-ACA0-F651FB6C4C47}.Release|x86.ActiveCfg = Release|x86
		{9CBCEB2C-23CF-477A-ACA0-F651FB6C4C47}.Release|x86.Build.0 = Release|x86
		{0C1DF3E1-F8D7-4E62-A84F-50685C4A1F9C}.Debug|Any CPU.ActiveCfg = Debug|Any CPU
		{0C1DF3E1-F8D7-4E62-A84F-50685C4A1F9C}.Debug|Any CPU.Build.0 = Debug|Any CPU
		{0C1DF3E1-F8D7-4E62-A84F-50685C4A1F9C}.Debug|x86.ActiveCfg = Debug|x86
		{0C1DF3E1-F8D7-4E62-A84F-50685C4A1F9C}.Debug|x86.Build.0 = Debug|x86
		{0C1DF3E1-F8D7-4E62-A84F-50685C4A1F9C}.Release|Any CPU.ActiveCfg = Release|Any CPU
		{0C1DF3E1-F8D7-4E62-A84F-50685C4A1F9C}.Release|Any CPU.Build.0 = Release|Any CPU
		{0C1DF3E1-F8D7-4E62-A84F-50685C4A1F9C}.Release|x86.ActiveCfg = Release|x86
		{0C1DF3E1-F8D7-4E62-A84F-50685C4A1F9C}.Release|x86.Build.0 = Release|x86
		{7AA26BB6-E9CF-453D-B123-C34853CA8BCE}.Debug|Any CPU.ActiveCfg = Debug|Any CPU
		{7AA26BB6-E9CF-453D-B123-C34853CA8BCE}.Debug|Any CPU.Build.0 = Debug|Any CPU
		{7AA26BB6-E9CF-453D-B123-C34853CA8BCE}.Debug|x86.ActiveCfg = Debug|x86
		{7AA26BB6-E9CF-453D-B123-C34853CA8BCE}.Debug|x86.Build.0 = Debug|x86
		{7AA26BB6-E9CF-453D-B123-C34853CA8BCE}.Release|Any CPU.ActiveCfg = Release|Any CPU
		{7AA26BB6-E9CF-453D-B123-C34853CA8BCE}.Release|Any CPU.Build.0 = Release|Any CPU
		{7AA26BB6-E9CF-453D-B123-C34853CA8BCE}.Release|x86.ActiveCfg = Release|x86
		{7AA26BB6-E9CF-453D-B123-C34853CA8BCE}.Release|x86.Build.0 = Release|x86
		{1E1886DA-D7EB-4189-97FF-278C47130EDD}.Debug|Any CPU.ActiveCfg = Debug|Any CPU
		{1E1886DA-D7EB-4189-97FF-278C47130EDD}.Debug|Any CPU.Build.0 = Debug|Any CPU
		{1E1886DA-D7EB-4189-97FF-278C47130EDD}.Debug|x86.ActiveCfg = Debug|x86
		{1E1886DA-D7EB-4189-97FF-278C47130EDD}.Debug|x86.Build.0 = Debug|x86
		{1E1886DA-D7EB-4189-97FF-278C47130EDD}.Release|Any CPU.ActiveCfg = Release|Any CPU
		{1E1886DA-D7EB-4189-97FF-278C47130EDD}.Release|Any CPU.Build.0 = Release|Any CPU
		{1E1886DA-D7EB-4189-97FF-278C47130EDD}.Release|x86.ActiveCfg = Release|x86
		{1E1886DA-D7EB-4189-97FF-278C47130EDD}.Release|x86.Build.0 = Release|x86
		{2A4A0148-7042-4AEC-9E29-115E16691852}.Debug|Any CPU.ActiveCfg = Debug|Any CPU
		{2A4A0148-7042-4AEC-9E29-115E16691852}.Debug|Any CPU.Build.0 = Debug|Any CPU
		{2A4A0148-7042-4AEC-9E29-115E16691852}.Debug|x86.ActiveCfg = Debug|x86
		{2A4A0148-7042-4AEC-9E29-115E16691852}.Debug|x86.Build.0 = Debug|x86
		{2A4A0148-7042-4AEC-9E29-115E16691852}.Release|Any CPU.ActiveCfg = Release|Any CPU
		{2A4A0148-7042-4AEC-9E29-115E16691852}.Release|Any CPU.Build.0 = Release|Any CPU
		{2A4A0148-7042-4AEC-9E29-115E16691852}.Release|x86.ActiveCfg = Release|x86
		{2A4A0148-7042-4AEC-9E29-115E16691852}.Release|x86.Build.0 = Release|x86
		{6646E7D9-6C55-4E65-B50B-9D34A76D180F}.Debug|Any CPU.ActiveCfg = Debug|Any CPU
		{6646E7D9-6C55-4E65-B50B-9D34A76D180F}.Debug|Any CPU.Build.0 = Debug|Any CPU
		{6646E7D9-6C55-4E65-B50B-9D34A76D180F}.Debug|x86.ActiveCfg = Debug|x86
		{6646E7D9-6C55-4E65-B50B-9D34A76D180F}.Debug|x86.Build.0 = Debug|x86
		{6646E7D9-6C55-4E65-B50B-9D34A76D180F}.Release|Any CPU.ActiveCfg = Release|Any CPU
		{6646E7D9-6C55-4E65-B50B-9D34A76D180F}.Release|Any CPU.Build.0 = Release|Any CPU
		{6646E7D9-6C55-4E65-B50B-9D34A76D180F}.Release|x86.ActiveCfg = Release|x86
		{6646E7D9-6C55-4E65-B50B-9D34A76D180F}.Release|x86.Build.0 = Release|x86
		{8026854F-64C6-4AC2-8FE5-011FAB91BC34}.Debug|Any CPU.ActiveCfg = Debug|Any CPU
		{8026854F-64C6-4AC2-8FE5-011FAB91BC34}.Debug|Any CPU.Build.0 = Debug|Any CPU
		{8026854F-64C6-4AC2-8FE5-011FAB91BC34}.Debug|x86.ActiveCfg = Debug|x86
		{8026854F-64C6-4AC2-8FE5-011FAB91BC34}.Debug|x86.Build.0 = Debug|x86
		{8026854F-64C6-4AC2-8FE5-011FAB91BC34}.Release|Any CPU.ActiveCfg = Release|Any CPU
		{8026854F-64C6-4AC2-8FE5-011FAB91BC34}.Release|Any CPU.Build.0 = Release|Any CPU
		{8026854F-64C6-4AC2-8FE5-011FAB91BC34}.Release|x86.ActiveCfg = Release|x86
		{8026854F-64C6-4AC2-8FE5-011FAB91BC34}.Release|x86.Build.0 = Release|x86
		{1A8F849B-4502-4036-9D6A-0886E3A2FBCC}.Debug|Any CPU.ActiveCfg = Debug|Any CPU
		{1A8F849B-4502-4036-9D6A-0886E3A2FBCC}.Debug|Any CPU.Build.0 = Debug|Any CPU
		{1A8F849B-4502-4036-9D6A-0886E3A2FBCC}.Debug|x86.ActiveCfg = Debug|x86
		{1A8F849B-4502-4036-9D6A-0886E3A2FBCC}.Debug|x86.Build.0 = Debug|x86
		{1A8F849B-4502-4036-9D6A-0886E3A2FBCC}.Release|Any CPU.ActiveCfg = Release|Any CPU
		{1A8F849B-4502-4036-9D6A-0886E3A2FBCC}.Release|Any CPU.Build.0 = Release|Any CPU
		{1A8F849B-4502-4036-9D6A-0886E3A2FBCC}.Release|x86.ActiveCfg = Release|x86
		{1A8F849B-4502-4036-9D6A-0886E3A2FBCC}.Release|x86.Build.0 = Release|x86
		{E2897B2C-EBA7-48CC-8D58-4737ADE25B11}.Debug|Any CPU.ActiveCfg = Debug|Any CPU
		{E2897B2C-EBA7-48CC-8D58-4737ADE25B11}.Debug|Any CPU.Build.0 = Debug|Any CPU
		{E2897B2C-EBA7-48CC-8D58-4737ADE25B11}.Debug|x86.ActiveCfg = Debug|x86
		{E2897B2C-EBA7-48CC-8D58-4737ADE25B11}.Debug|x86.Build.0 = Debug|x86
		{E2897B2C-EBA7-48CC-8D58-4737ADE25B11}.Release|Any CPU.ActiveCfg = Release|Any CPU
		{E2897B2C-EBA7-48CC-8D58-4737ADE25B11}.Release|Any CPU.Build.0 = Release|Any CPU
		{E2897B2C-EBA7-48CC-8D58-4737ADE25B11}.Release|x86.ActiveCfg = Release|x86
		{E2897B2C-EBA7-48CC-8D58-4737ADE25B11}.Release|x86.Build.0 = Release|x86
		{2CC62D18-9EE7-4661-B9E3-6D623B728304}.Debug|Any CPU.ActiveCfg = Debug|Any CPU
		{2CC62D18-9EE7-4661-B9E3-6D623B728304}.Debug|Any CPU.Build.0 = Debug|Any CPU
		{2CC62D18-9EE7-4661-B9E3-6D623B728304}.Debug|x86.ActiveCfg = Debug|x86
		{2CC62D18-9EE7-4661-B9E3-6D623B728304}.Debug|x86.Build.0 = Debug|x86
		{2CC62D18-9EE7-4661-B9E3-6D623B728304}.Release|Any CPU.ActiveCfg = Release|Any CPU
		{2CC62D18-9EE7-4661-B9E3-6D623B728304}.Release|Any CPU.Build.0 = Release|Any CPU
		{2CC62D18-9EE7-4661-B9E3-6D623B728304}.Release|x86.ActiveCfg = Release|x86
		{2CC62D18-9EE7-4661-B9E3-6D623B728304}.Release|x86.Build.0 = Release|x86
		{83DB3A01-B575-472E-AB79-F3C4BCD1DC8A}.Debug|Any CPU.ActiveCfg = Debug|Any CPU
		{83DB3A01-B575-472E-AB79-F3C4BCD1DC8A}.Debug|Any CPU.Build.0 = Debug|Any CPU
		{83DB3A01-B575-472E-AB79-F3C4BCD1DC8A}.Debug|x86.ActiveCfg = Debug|x86
		{83DB3A01-B575-472E-AB79-F3C4BCD1DC8A}.Debug|x86.Build.0 = Debug|x86
		{83DB3A01-B575-472E-AB79-F3C4BCD1DC8A}.Release|Any CPU.ActiveCfg = Release|Any CPU
		{83DB3A01-B575-472E-AB79-F3C4BCD1DC8A}.Release|Any CPU.Build.0 = Release|Any CPU
		{83DB3A01-B575-472E-AB79-F3C4BCD1DC8A}.Release|x86.ActiveCfg = Release|x86
		{83DB3A01-B575-472E-AB79-F3C4BCD1DC8A}.Release|x86.Build.0 = Release|x86
	EndGlobalSection
	GlobalSection(SolutionProperties) = preSolution
		HideSolutionNode = FALSE
	EndGlobalSection
	GlobalSection(ExtensibilityGlobals) = postSolution
		SolutionGuid = {01E7A9AB-C05D-40AC-B069-C79EF5A3FE47}
	EndGlobalSection
EndGlobal
